# generated by rye
# use `rye lock` or `rye sync` to update this lockfile
#
# last locked with the following flags:
#   pre: false
#   features: []
#   all-features: false
#   with-sources: false

-e file:.
iniconfig==2.0.0
    # via pytest
nodeenv==1.8.0
    # via pyright
packaging==24.0
    # via pytest
pluggy==1.5.0
    # via pytest
pyright==1.1.360
pytest==8.1.2
ruff==0.4.2
setuptools==69.5.1
    # via nodeenv
